// !$*UTF8*$!
{
	archiveVersion = 1;
	classes = {
	};
	objectVersion = 56;
	objects = {

/* Begin PBXBuildFile section */
		09A6D32029A3AF2300E1AA5B /* DropDownAppApp.swift in Sources */ = {isa = PBXBuildFile; fileRef = 09A6D31F29A3AF2300E1AA5B /* DropDownAppApp.swift */; };
		09A6D32229A3AF2300E1AA5B /* ContentView.swift in Sources */ = {isa = PBXBuildFile; fileRef = 09A6D32129A3AF2300E1AA5B /* ContentView.swift */; };
		09A6D32429A3AF2400E1AA5B /* Assets.xcassets in Resources */ = {isa = PBXBuildFile; fileRef = 09A6D32329A3AF2400E1AA5B /* Assets.xcassets */; };
		09A6D32729A3AF2400E1AA5B /* Preview Assets.xcassets in Resources */ = {isa = PBXBuildFile; fileRef = 09A6D32629A3AF2400E1AA5B /* Preview Assets.xcassets */; };
		09A6D33129A3AF2400E1AA5B /* DropDownAppTests.swift in Sources */ = {isa = PBXBuildFile; fileRef = 09A6D33029A3AF2400E1AA5B /* DropDownAppTests.swift */; };
		09A6D33B29A3AF2400E1AA5B /* DropDownAppUITests.swift in Sources */ = {isa = PBXBuildFile; fileRef = 09A6D33A29A3AF2400E1AA5B /* DropDownAppUITests.swift */; };
		09A6D33D29A3AF2400E1AA5B /* DropDownAppUITestsLaunchTests.swift in Sources */ = {isa = PBXBuildFile; fileRef = 09A6D33C29A3AF2400E1AA5B /* DropDownAppUITestsLaunchTests.swift */; };
/* End PBXBuildFile section */

/* Begin PBXContainerItemProxy section */
		09A6D32D29A3AF2400E1AA5B /* PBXContainerItemProxy */ = {
			isa = PBXContainerItemProxy;
			containerPortal = 09A6D31429A3AF2300E1AA5B /* Project object */;
			proxyType = 1;
			remoteGlobalIDString = 09A6D31B29A3AF2300E1AA5B;
			remoteInfo = DropDownApp;
		};
		09A6D33729A3AF2400E1AA5B /* PBXContainerItemProxy */ = {
			isa = PBXContainerItemProxy;
			containerPortal = 09A6D31429A3AF2300E1AA5B /* Project object */;
			proxyType = 1;
			remoteGlobalIDString = 09A6D31B29A3AF2300E1AA5B;
			remoteInfo = DropDownApp;
		};
/* End PBXContainerItemProxy section */

/* Begin PBXFileReference section */
		09A6D31C29A3AF2300E1AA5B /* DropDownApp.app */ = {isa = PBXFileReference; explicitFileType = wrapper.application; includeInIndex = 0; path = DropDownApp.app; sourceTree = BUILT_PRODUCTS_DIR; };
		09A6D31F29A3AF2300E1AA5B /* DropDownAppApp.swift */ = {isa = PBXFileReference; lastKnownFileType = sourcecode.swift; path = DropDownAppApp.swift; sourceTree = "<group>"; };
		09A6D32129A3AF2300E1AA5B /* ContentView.swift */ = {isa = PBXFileReference; lastKnownFileType = sourcecode.swift; path = ContentView.swift; sourceTree = "<group>"; };
		09A6D32329A3AF2400E1AA5B /* Assets.xcassets */ = {isa = PBXFileReference; lastKnownFileType = folder.assetcatalog; path = Assets.xcassets; sourceTree = "<group>"; };
		09A6D32629A3AF2400E1AA5B /* Preview Assets.xcassets */ = {isa = PBXFileReference; lastKnownFileType = folder.assetcatalog; path = "Preview Assets.xcassets"; sourceTree = "<group>"; };
		09A6D32C29A3AF2400E1AA5B /* DropDownAppTests.xctest */ = {isa = PBXFileReference; explicitFileType = wrapper.cfbundle; includeInIndex = 0; path = DropDownAppTests.xctest; sourceTree = BUILT_PRODUCTS_DIR; };
		09A6D33029A3AF2400E1AA5B /* DropDownAppTests.swift */ = {isa = PBXFileReference; lastKnownFileType = sourcecode.swift; path = DropDownAppTests.swift; sourceTree = "<group>"; };
		09A6D33629A3AF2400E1AA5B /* DropDownAppUITests.xctest */ = {isa = PBXFileReference; explicitFileType = wrapper.cfbundle; includeInIndex = 0; path = DropDownAppUITests.xctest; sourceTree = BUILT_PRODUCTS_DIR; };
		09A6D33A29A3AF2400E1AA5B /* DropDownAppUITests.swift */ = {isa = PBXFileReference; lastKnownFileType = sourcecode.swift; path = DropDownAppUITests.swift; sourceTree = "<group>"; };
		09A6D33C29A3AF2400E1AA5B /* DropDownAppUITestsLaunchTests.swift */ = {isa = PBXFileReference; lastKnownFileType = sourcecode.swift; path = DropDownAppUITestsLaunchTests.swift; sourceTree = "<group>"; };
/* End PBXFileReference section */

/* Begin PBXFrameworksBuildPhase section */
		09A6D31929A3AF2300E1AA5B /* Frameworks */ = {
			isa = PBXFrameworksBuildPhase;
			buildActionMask = 2147483647;
			files = (
			);
			runOnlyForDeploymentPostprocessing = 0;
		};
		09A6D32929A3AF2400E1AA5B /* Frameworks */ = {
			isa = PBXFrameworksBuildPhase;
			buildActionMask = 2147483647;
			files = (
			);
			runOnlyForDeploymentPostprocessing = 0;
		};
		09A6D33329A3AF2400E1AA5B /* Frameworks */ = {
			isa = PBXFrameworksBuildPhase;
			buildActionMask = 2147483647;
			files = (
			);
			runOnlyForDeploymentPostprocessing = 0;
		};
/* End PBXFrameworksBuildPhase section */

/* Begin PBXGroup section */
		09A6D31329A3AF2300E1AA5B = {
			isa = PBXGroup;
			children = (
				09A6D31E29A3AF2300E1AA5B /* DropDownApp */,
				09A6D32F29A3AF2400E1AA5B /* DropDownAppTests */,
				09A6D33929A3AF2400E1AA5B /* DropDownAppUITests */,
				09A6D31D29A3AF2300E1AA5B /* Products */,
			);
			sourceTree = "<group>";
		};
		09A6D31D29A3AF2300E1AA5B /* Products */ = {
			isa = PBXGroup;
			children = (
				09A6D31C29A3AF2300E1AA5B /* DropDownApp.app */,
				09A6D32C29A3AF2400E1AA5B /* DropDownAppTests.xctest */,
				09A6D33629A3AF2400E1AA5B /* DropDownAppUITests.xctest */,
			);
			name = Products;
			sourceTree = "<group>";
		};
		09A6D31E29A3AF2300E1AA5B /* DropDownApp */ = {
			isa = PBXGroup;
			children = (
				09A6D31F29A3AF2300E1AA5B /* DropDownAppApp.swift */,
				09A6D32129A3AF2300E1AA5B /* ContentView.swift */,
				09A6D32329A3AF2400E1AA5B /* Assets.xcassets */,
				09A6D32529A3AF2400E1AA5B /* Preview Content */,
			);
			path = DropDownApp;
			sourceTree = "<group>";
		};
		09A6D32529A3AF2400E1AA5B /* Preview Content */ = {
			isa = PBXGroup;
			children = (
				09A6D32629A3AF2400E1AA5B /* Preview Assets.xcassets */,
			);
			path = "Preview Content";
			sourceTree = "<group>";
		};
		09A6D32F29A3AF2400E1AA5B /* DropDownAppTests */ = {
			isa = PBXGroup;
			children = (
				09A6D33029A3AF2400E1AA5B /* DropDownAppTests.swift */,
			);
			path = DropDownAppTests;
			sourceTree = "<group>";
		};
		09A6D33929A3AF2400E1AA5B /* DropDownAppUITests */ = {
			isa = PBXGroup;
			children = (
				09A6D33A29A3AF2400E1AA5B /* DropDownAppUITests.swift */,
				09A6D33C29A3AF2400E1AA5B /* DropDownAppUITestsLaunchTests.swift */,
			);
			path = DropDownAppUITests;
			sourceTree = "<group>";
		};
/* End PBXGroup section */

/* Begin PBXNativeTarget section */
		09A6D31B29A3AF2300E1AA5B /* DropDownApp */ = {
			isa = PBXNativeTarget;
			buildConfigurationList = 09A6D34029A3AF2400E1AA5B /* Build configuration list for PBXNativeTarget "DropDownApp" */;
			buildPhases = (
				09A6D31829A3AF2300E1AA5B /* Sources */,
				09A6D31929A3AF2300E1AA5B /* Frameworks */,
				09A6D31A29A3AF2300E1AA5B /* Resources */,
			);
			buildRules = (
			);
			dependencies = (
			);
			name = DropDownApp;
			productName = DropDownApp;
			productReference = 09A6D31C29A3AF2300E1AA5B /* DropDownApp.app */;
			productType = "com.apple.product-type.application";
		};
		09A6D32B29A3AF2400E1AA5B /* DropDownAppTests */ = {
			isa = PBXNativeTarget;
			buildConfigurationList = 09A6D34329A3AF2400E1AA5B /* Build configuration list for PBXNativeTarget "DropDownAppTests" */;
			buildPhases = (
				09A6D32829A3AF2400E1AA5B /* Sources */,
				09A6D32929A3AF2400E1AA5B /* Frameworks */,
				09A6D32A29A3AF2400E1AA5B /* Resources */,
			);
			buildRules = (
			);
			dependencies = (
				09A6D32E29A3AF2400E1AA5B /* PBXTargetDependency */,
			);
			name = DropDownAppTests;
			productName = DropDownAppTests;
			productReference = 09A6D32C29A3AF2400E1AA5B /* DropDownAppTests.xctest */;
			productType = "com.apple.product-type.bundle.unit-test";
		};
		09A6D33529A3AF2400E1AA5B /* DropDownAppUITests */ = {
			isa = PBXNativeTarget;
			buildConfigurationList = 09A6D34629A3AF2400E1AA5B /* Build configuration list for PBXNativeTarget "DropDownAppUITests" */;
			buildPhases = (
				09A6D33229A3AF2400E1AA5B /* Sources */,
				09A6D33329A3AF2400E1AA5B /* Frameworks */,
				09A6D33429A3AF2400E1AA5B /* Resources */,
			);
			buildRules = (
			);
			dependencies = (
				09A6D33829A3AF2400E1AA5B /* PBXTargetDependency */,
			);
			name = DropDownAppUITests;
			productName = DropDownAppUITests;
			productReference = 09A6D33629A3AF2400E1AA5B /* DropDownAppUITests.xctest */;
			productType = "com.apple.product-type.bundle.ui-testing";
		};
/* End PBXNativeTarget section */

/* Begin PBXProject section */
		09A6D31429A3AF2300E1AA5B /* Project object */ = {
			isa = PBXProject;
			attributes = {
				BuildIndependentTargetsInParallel = 1;
				LastSwiftUpdateCheck = 1420;
				LastUpgradeCheck = 1420;
				TargetAttributes = {
					09A6D31B29A3AF2300E1AA5B = {
						CreatedOnToolsVersion = 14.2;
					};
					09A6D32B29A3AF2400E1AA5B = {
						CreatedOnToolsVersion = 14.2;
						TestTargetID = 09A6D31B29A3AF2300E1AA5B;
					};
					09A6D33529A3AF2400E1AA5B = {
						CreatedOnToolsVersion = 14.2;
						TestTargetID = 09A6D31B29A3AF2300E1AA5B;
					};
				};
			};
			buildConfigurationList = 09A6D31729A3AF2300E1AA5B /* Build configuration list for PBXProject "DropDownApp" */;
			compatibilityVersion = "Xcode 14.0";
			developmentRegion = en;
			hasScannedForEncodings = 0;
			knownRegions = (
				en,
				Base,
			);
			mainGroup = 09A6D31329A3AF2300E1AA5B;
			productRefGroup = 09A6D31D29A3AF2300E1AA5B /* Products */;
			projectDirPath = "";
			projectRoot = "";
			targets = (
				09A6D31B29A3AF2300E1AA5B /* DropDownApp */,
				09A6D32B29A3AF2400E1AA5B /* DropDownAppTests */,
				09A6D33529A3AF2400E1AA5B /* DropDownAppUITests */,
			);
		};
/* End PBXProject section */

/* Begin PBXResourcesBuildPhase section */
		09A6D31A29A3AF2300E1AA5B /* Resources */ = {
			isa = PBXResourcesBuildPhase;
			buildActionMask = 2147483647;
			files = (
				09A6D32729A3AF2400E1AA5B /* Preview Assets.xcassets in Resources */,
				09A6D32429A3AF2400E1AA5B /* Assets.xcassets in Resources */,
			);
			runOnlyForDeploymentPostprocessing = 0;
		};
		09A6D32A29A3AF2400E1AA5B /* Resources */ = {
			isa = PBXResourcesBuildPhase;
			buildActionMask = 2147483647;
			files = (
			);
			runOnlyForDeploymentPostprocessing = 0;
		};
		09A6D33429A3AF2400E1AA5B /* Resources */ = {
			isa = PBXResourcesBuildPhase;
			buildActionMask = 2147483647;
			files = (
			);
			runOnlyForDeploymentPostprocessing = 0;
		};
/* End PBXResourcesBuildPhase section */

/* Begin PBXSourcesBuildPhase section */
		09A6D31829A3AF2300E1AA5B /* Sources */ = {
			isa = PBXSourcesBuildPhase;
			buildActionMask = 2147483647;
			files = (
				09A6D32229A3AF2300E1AA5B /* ContentView.swift in Sources */,
				09A6D32029A3AF2300E1AA5B /* DropDownAppApp.swift in Sources */,
			);
			runOnlyForDeploymentPostprocessing = 0;
		};
		09A6D32829A3AF2400E1AA5B /* Sources */ = {
			isa = PBXSourcesBuildPhase;
			buildActionMask = 2147483647;
			files = (
				09A6D33129A3AF2400E1AA5B /* DropDownAppTests.swift in Sources */,
			);
			runOnlyForDeploymentPostprocessing = 0;
		};
		09A6D33229A3AF2400E1AA5B /* Sources */ = {
			isa = PBXSourcesBuildPhase;
			buildActionMask = 2147483647;
			files = (
				09A6D33B29A3AF2400E1AA5B /* DropDownAppUITests.swift in Sources */,
				09A6D33D29A3AF2400E1AA5B /* DropDownAppUITestsLaunchTests.swift in Sources */,
			);
			runOnlyForDeploymentPostprocessing = 0;
		};
/* End PBXSourcesBuildPhase section */

/* Begin PBXTargetDependency section */
		09A6D32E29A3AF2400E1AA5B /* PBXTargetDependency */ = {
			isa = PBXTargetDependency;
			target = 09A6D31B29A3AF2300E1AA5B /* DropDownApp */;
			targetProxy = 09A6D32D29A3AF2400E1AA5B /* PBXContainerItemProxy */;
		};
		09A6D33829A3AF2400E1AA5B /* PBXTargetDependency */ = {
			isa = PBXTargetDependency;
			target = 09A6D31B29A3AF2300E1AA5B /* DropDownApp */;
			targetProxy = 09A6D33729A3AF2400E1AA5B /* PBXContainerItemProxy */;
		};
/* End PBXTargetDependency section */

/* Begin XCBuildConfiguration section */
		09A6D33E29A3AF2400E1AA5B /* Debug */ = {
			isa = XCBuildConfiguration;
			buildSettings = {
				ALWAYS_SEARCH_USER_PATHS = NO;
				CLANG_ANALYZER_NONNULL = YES;
				CLANG_ANALYZER_NUMBER_OBJECT_CONVERSION = YES_AGGRESSIVE;
				CLANG_CXX_LANGUAGE_STANDARD = "gnu++20";
				CLANG_ENABLE_MODULES = YES;
				CLANG_ENABLE_OBJC_ARC = YES;
				CLANG_ENABLE_OBJC_WEAK = YES;
				CLANG_WARN_BLOCK_CAPTURE_AUTORELEASING = YES;
				CLANG_WARN_BOOL_CONVERSION = YES;
				CLANG_WARN_COMMA = YES;
				CLANG_WARN_CONSTANT_CONVERSION = YES;
				CLANG_WARN_DEPRECATED_OBJC_IMPLEMENTATIONS = YES;
				CLANG_WARN_DIRECT_OBJC_ISA_USAGE = YES_ERROR;
				CLANG_WARN_DOCUMENTATION_COMMENTS = YES;
				CLANG_WARN_EMPTY_BODY = YES;
				CLANG_WARN_ENUM_CONVERSION = YES;
				CLANG_WARN_INFINITE_RECURSION = YES;
				CLANG_WARN_INT_CONVERSION = YES;
				CLANG_WARN_NON_LITERAL_NULL_CONVERSION = YES;
				CLANG_WARN_OBJC_IMPLICIT_RETAIN_SELF = YES;
				CLANG_WARN_OBJC_LITERAL_CONVERSION = YES;
				CLANG_WARN_OBJC_ROOT_CLASS = YES_ERROR;
				CLANG_WARN_QUOTED_INCLUDE_IN_FRAMEWORK_HEADER = YES;
				CLANG_WARN_RANGE_LOOP_ANALYSIS = YES;
				CLANG_WARN_STRICT_PROTOTYPES = YES;
				CLANG_WARN_SUSPICIOUS_MOVE = YES;
				CLANG_WARN_UNGUARDED_AVAILABILITY = YES_AGGRESSIVE;
				CLANG_WARN_UNREACHABLE_CODE = YES;
				CLANG_WARN__DUPLICATE_METHOD_MATCH = YES;
				COPY_PHASE_STRIP = NO;
				DEBUG_INFORMATION_FORMAT = dwarf;
				ENABLE_STRICT_OBJC_MSGSEND = YES;
				ENABLE_TESTABILITY = YES;
				GCC_C_LANGUAGE_STANDARD = gnu11;
				GCC_DYNAMIC_NO_PIC = NO;
				GCC_NO_COMMON_BLOCKS = YES;
				GCC_OPTIMIZATION_LEVEL = 0;
				GCC_PREPROCESSOR_DEFINITIONS = (
					"DEBUG=1",
					"$(inherited)",
				);
				GCC_WARN_64_TO_32_BIT_CONVERSION = YES;
				GCC_WARN_ABOUT_RETURN_TYPE = YES_ERROR;
				GCC_WARN_UNDECLARED_SELECTOR = YES;
				GCC_WARN_UNINITIALIZED_AUTOS = YES_AGGRESSIVE;
				GCC_WARN_UNUSED_FUNCTION = YES;
				GCC_WARN_UNUSED_VARIABLE = YES;
				IPHONEOS_DEPLOYMENT_TARGET = 16.2;
				MTL_ENABLE_DEBUG_INFO = INCLUDE_SOURCE;
				MTL_FAST_MATH = YES;
				ONLY_ACTIVE_ARCH = YES;
				SDKROOT = iphoneos;
				SWIFT_ACTIVE_COMPILATION_CONDITIONS = DEBUG;
				SWIFT_OPTIMIZATION_LEVEL = "-Onone";
			};
			name = Debug;
		};
		09A6D33F29A3AF2400E1AA5B /* Release */ = {
			isa = XCBuildConfiguration;
			buildSettings = {
				ALWAYS_SEARCH_USER_PATHS = NO;
				CLANG_ANALYZER_NONNULL = YES;
				CLANG_ANALYZER_NUMBER_OBJECT_CONVERSION = YES_AGGRESSIVE;
				CLANG_CXX_LANGUAGE_STANDARD = "gnu++20";
				CLANG_ENABLE_MODULES = YES;
				CLANG_ENABLE_OBJC_ARC = YES;
				CLANG_ENABLE_OBJC_WEAK = YES;
				CLANG_WARN_BLOCK_CAPTURE_AUTORELEASING = YES;
				CLANG_WARN_BOOL_CONVERSION = YES;
				CLANG_WARN_COMMA = YES;
				CLANG_WARN_CONSTANT_CONVERSION = YES;
				CLANG_WARN_DEPRECATED_OBJC_IMPLEMENTATIONS = YES;
				CLANG_WARN_DIRECT_OBJC_ISA_USAGE = YES_ERROR;
				CLANG_WARN_DOCUMENTATION_COMMENTS = YES;
				CLANG_WARN_EMPTY_BODY = YES;
				CLANG_WARN_ENUM_CONVERSION = YES;
				CLANG_WARN_INFINITE_RECURSION = YES;
				CLANG_WARN_INT_CONVERSION = YES;
				CLANG_WARN_NON_LITERAL_NULL_CONVERSION = YES;
				CLANG_WARN_OBJC_IMPLICIT_RETAIN_SELF = YES;
				CLANG_WARN_OBJC_LITERAL_CONVERSION = YES;
				CLANG_WARN_OBJC_ROOT_CLASS = YES_ERROR;
				CLANG_WARN_QUOTED_INCLUDE_IN_FRAMEWORK_HEADER = YES;
				CLANG_WARN_RANGE_LOOP_ANALYSIS = YES;
				CLANG_WARN_STRICT_PROTOTYPES = YES;
				CLANG_WARN_SUSPICIOUS_MOVE = YES;
				CLANG_WARN_UNGUARDED_AVAILABILITY = YES_AGGRESSIVE;
				CLANG_WARN_UNREACHABLE_CODE = YES;
				CLANG_WARN__DUPLICATE_METHOD_MATCH = YES;
				COPY_PHASE_STRIP = NO;
				DEBUG_INFORMATION_FORMAT = "dwarf-with-dsym";
				ENABLE_NS_ASSERTIONS = NO;
				ENABLE_STRICT_OBJC_MSGSEND = YES;
				GCC_C_LANGUAGE_STANDARD = gnu11;
				GCC_NO_COMMON_BLOCKS = YES;
				GCC_WARN_64_TO_32_BIT_CONVERSION = YES;
				GCC_WARN_ABOUT_RETURN_TYPE = YES_ERROR;
				GCC_WARN_UNDECLARED_SELECTOR = YES;
				GCC_WARN_UNINITIALIZED_AUTOS = YES_AGGRESSIVE;
				GCC_WARN_UNUSED_FUNCTION = YES;
				GCC_WARN_UNUSED_VARIABLE = YES;
				IPHONEOS_DEPLOYMENT_TARGET = 16.2;
				MTL_ENABLE_DEBUG_INFO = NO;
				MTL_FAST_MATH = YES;
				SDKROOT = iphoneos;
				SWIFT_COMPILATION_MODE = wholemodule;
				SWIFT_OPTIMIZATION_LEVEL = "-O";
				VALIDATE_PRODUCT = YES;
			};
			name = Release;
		};
		09A6D34129A3AF2400E1AA5B /* Debug */ = {
			isa = XCBuildConfiguration;
			buildSettings = {
				ASSETCATALOG_COMPILER_APPICON_NAME = AppIcon;
				ASSETCATALOG_COMPILER_GLOBAL_ACCENT_COLOR_NAME = AccentColor;
				CODE_SIGN_STYLE = Automatic;
				CURRENT_PROJECT_VERSION = 1;
				DEVELOPMENT_ASSET_PATHS = "\"DropDownApp/Preview Content\"";
				DEVELOPMENT_TEAM = C8F6LM9XUD;
				ENABLE_PREVIEWS = YES;
				GENERATE_INFOPLIST_FILE = YES;
				INFOPLIST_KEY_UIApplicationSceneManifest_Generation = YES;
				INFOPLIST_KEY_UIApplicationSupportsIndirectInputEvents = YES;
				INFOPLIST_KEY_UILaunchScreen_Generation = YES;
				INFOPLIST_KEY_UISupportedInterfaceOrientations_iPad = "UIInterfaceOrientationPortrait UIInterfaceOrientationPortraitUpsideDown UIInterfaceOrientationLandscapeLeft UIInterfaceOrientationLandscapeRight";
				INFOPLIST_KEY_UISupportedInterfaceOrientations_iPhone = "UIInterfaceOrientationPortrait UIInterfaceOrientationLandscapeLeft UIInterfaceOrientationLandscapeRight";
				LD_RUNPATH_SEARCH_PATHS = (
					"$(inherited)",
					"@executable_path/Frameworks",
				);
				MARKETING_VERSION = 1.0;
				PRODUCT_BUNDLE_IDENTIFIER = com.devinely.DropDownApp;
				PRODUCT_NAME = "$(TARGET_NAME)";
				SWIFT_EMIT_LOC_STRINGS = YES;
				SWIFT_VERSION = 5.0;
				TARGETED_DEVICE_FAMILY = "1,2";
			};
			name = Debug;
		};
		09A6D34229A3AF2400E1AA5B /* Release */ = {
			isa = XCBuildConfiguration;
			buildSettings = {
				ASSETCATALOG_COMPILER_APPICON_NAME = AppIcon;
				ASSETCATALOG_COMPILER_GLOBAL_ACCENT_COLOR_NAME = AccentColor;
				CODE_SIGN_STYLE = Automatic;
				CURRENT_PROJECT_VERSION = 1;
				DEVELOPMENT_ASSET_PATHS = "\"DropDownApp/Preview Content\"";
				DEVELOPMENT_TEAM = C8F6LM9XUD;
				ENABLE_PREVIEWS = YES;
				GENERATE_INFOPLIST_FILE = YES;
				INFOPLIST_KEY_UIApplicationSceneManifest_Generation = YES;
				INFOPLIST_KEY_UIApplicationSupportsIndirectInputEvents = YES;
				INFOPLIST_KEY_UILaunchScreen_Generation = YES;
				INFOPLIST_KEY_UISupportedInterfaceOrientations_iPad = "UIInterfaceOrientationPortrait UIInterfaceOrientationPortraitUpsideDown UIInterfaceOrientationLandscapeLeft UIInterfaceOrientationLandscapeRight";
				INFOPLIST_KEY_UISupportedInterfaceOrientations_iPhone = "UIInterfaceOrientationPortrait UIInterfaceOrientationLandscapeLeft UIInterfaceOrientationLandscapeRight";
				LD_RUNPATH_SEARCH_PATHS = (
					"$(inherited)",
					"@executable_path/Frameworks",
				);
				MARKETING_VERSION = 1.0;
				PRODUCT_BUNDLE_IDENTIFIER = com.devinely.DropDownApp;
				PRODUCT_NAME = "$(TARGET_NAME)";
				SWIFT_EMIT_LOC_STRINGS = YES;
				SWIFT_VERSION = 5.0;
				TARGETED_DEVICE_FAMILY = "1,2";
			};
			name = Release;
		};
		09A6D34429A3AF2400E1AA5B /* Debug */ = {
			isa = XCBuildConfiguration;
			buildSettings = {
				ALWAYS_EMBED_SWIFT_STANDARD_LIBRARIES = YES;
				BUNDLE_LOADER = "$(TEST_HOST)";
				CODE_SIGN_STYLE = Automatic;
				CURRENT_PROJECT_VERSION = 1;
				DEVELOPMENT_TEAM = C8F6LM9XUD;
				GENERATE_INFOPLIST_FILE = YES;
				IPHONEOS_DEPLOYMENT_TARGET = 16.2;
				MARKETING_VERSION = 1.0;
				PRODUCT_BUNDLE_IDENTIFIER = com.devinely.DropDownAppTests;
				PRODUCT_NAME = "$(TARGET_NAME)";
				SWIFT_EMIT_LOC_STRINGS = NO;
				SWIFT_VERSION = 5.0;
				TARGETED_DEVICE_FAMILY = "1,2";
				TEST_HOST = "$(BUILT_PRODUCTS_DIR)/DropDownApp.app/$(BUNDLE_EXECUTABLE_FOLDER_PATH)/DropDownApp";
			};
			name = Debug;
		};
		09A6D34529A3AF2400E1AA5B /* Release */ = {
			isa = XCBuildConfiguration;
			buildSettings = {
				ALWAYS_EMBED_SWIFT_STANDARD_LIBRARIES = YES;
				BUNDLE_LOADER = "$(TEST_HOST)";
				CODE_SIGN_STYLE = Automatic;
				CURRENT_PROJECT_VERSION = 1;
				DEVELOPMENT_TEAM = C8F6LM9XUD;
				GENERATE_INFOPLIST_FILE = YES;
				IPHONEOS_DEPLOYMENT_TARGET = 16.2;
				MARKETING_VERSION = 1.0;
				PRODUCT_BUNDLE_IDENTIFIER = com.devinely.DropDownAppTests;
				PRODUCT_NAME = "$(TARGET_NAME)";
				SWIFT_EMIT_LOC_STRINGS = NO;
				SWIFT_VERSION = 5.0;
				TARGETED_DEVICE_FAMILY = "1,2";
				TEST_HOST = "$(BUILT_PRODUCTS_DIR)/DropDownApp.app/$(BUNDLE_EXECUTABLE_FOLDER_PATH)/DropDownApp";
			};
			name = Release;
		};
		09A6D34729A3AF2400E1AA5B /* Debug */ = {
			isa = XCBuildConfiguration;
			buildSettings = {
				ALWAYS_EMBED_SWIFT_STANDARD_LIBRARIES = YES;
				CODE_SIGN_STYLE = Automatic;
				CURRENT_PROJECT_VERSION = 1;
				DEVELOPMENT_TEAM = C8F6LM9XUD;
				GENERATE_INFOPLIST_FILE = YES;
				MARKETING_VERSION = 1.0;
				PRODUCT_BUNDLE_IDENTIFIER = com.devinely.DropDownAppUITests;
				PRODUCT_NAME = "$(TARGET_NAME)";
				SWIFT_EMIT_LOC_STRINGS = NO;
				SWIFT_VERSION = 5.0;
				TARGETED_DEVICE_FAMILY = "1,2";
				TEST_TARGET_NAME = DropDownApp;
			};
			name = Debug;
		};
		09A6D34829A3AF2400E1AA5B /* Release */ = {
			isa = XCBuildConfiguration;
			buildSettings = {
				ALWAYS_EMBED_SWIFT_STANDARD_LIBRARIES = YES;
				CODE_SIGN_STYLE = Automatic;
				CURRENT_PROJECT_VERSION = 1;
				DEVELOPMENT_TEAM = C8F6LM9XUD;
				GENERATE_INFOPLIST_FILE = YES;
				MARKETING_VERSION = 1.0;
				PRODUCT_BUNDLE_IDENTIFIER = com.devinely.DropDownAppUITests;
				PRODUCT_NAME = "$(TARGET_NAME)";
				SWIFT_EMIT_LOC_STRINGS = NO;
				SWIFT_VERSION = 5.0;
				TARGETED_DEVICE_FAMILY = "1,2";
				TEST_TARGET_NAME = DropDownApp;
			};
			name = Release;
		};
/* End XCBuildConfiguration section */

/* Begin XCConfigurationList section */
		09A6D31729A3AF2300E1AA5B /* Build configuration list for PBXProject "DropDownApp" */ = {
			isa = XCConfigurationList;
			buildConfigurations = (
				09A6D33E29A3AF2400E1AA5B /* Debug */,
				09A6D33F29A3AF2400E1AA5B /* Release */,
			);
			defaultConfigurationIsVisible = 0;
			defaultConfigurationName = Release;
		};
		09A6D34029A3AF2400E1AA5B /* Build configuration list for PBXNativeTarget "DropDownApp" */ = {
			isa = XCConfigurationList;
			buildConfigurations = (
				09A6D34129A3AF2400E1AA5B /* Debug */,
				09A6D34229A3AF2400E1AA5B /* Release */,
			);
			defaultConfigurationIsVisible = 0;
			defaultConfigurationName = Release;
		};
		09A6D34329A3AF2400E1AA5B /* Build configuration list for PBXNativeTarget "DropDownAppTests" */ = {
			isa = XCConfigurationList;
			buildConfigurations = (
				09A6D34429A3AF2400E1AA5B /* Debug */,
				09A6D34529A3AF2400E1AA5B /* Release */,
			);
			defaultConfigurationIsVisible = 0;
			defaultConfigurationName = Release;
		};
		09A6D34629A3AF2400E1AA5B /* Build configuration list for PBXNativeTarget "DropDownAppUITests" */ = {
			isa = XCConfigurationList;
			buildConfigurations = (
				09A6D34729A3AF2400E1AA5B /* Debug */,
				09A6D34829A3AF2400E1AA5B /* Release */,
			);
			defaultConfigurationIsVisible = 0;
			defaultConfigurationName = Release;
		};
/* End XCConfigurationList section */
	};
	rootObject = 09A6D31429A3AF2300E1AA5B /* Project object */;
}
